// !$*UTF8*$!
{
	archiveVersion = 1;
	classes = {
	};
	objectVersion = 50;
	objects = {

/* Begin PBXBuildFile section */
		91E3BBF12480694000CF4EFE /* AppDelegate.swift in Sources */ = {isa = PBXBuildFile; fileRef = 91E3BBF02480694000CF4EFE /* AppDelegate.swift */; };
		91E3BBF32480694000CF4EFE /* SceneDelegate.swift in Sources */ = {isa = PBXBuildFile; fileRef = 91E3BBF22480694000CF4EFE /* SceneDelegate.swift */; };
		91E3BBF52480694000CF4EFE /* ViewController.swift in Sources */ = {isa = PBXBuildFile; fileRef = 91E3BBF42480694000CF4EFE /* ViewController.swift */; };
		91E3BBF82480694000CF4EFE /* Main.storyboard in Resources */ = {isa = PBXBuildFile; fileRef = 91E3BBF62480694000CF4EFE /* Main.storyboard */; };
		91E3BBFA2480694300CF4EFE /* Assets.xcassets in Resources */ = {isa = PBXBuildFile; fileRef = 91E3BBF92480694300CF4EFE /* Assets.xcassets */; };
		91E3BBFD2480694300CF4EFE /* LaunchScreen.storyboard in Resources */ = {isa = PBXBuildFile; fileRef = 91E3BBFB2480694300CF4EFE /* LaunchScreen.storyboard */; };
		91E3BC082480694400CF4EFE /* sampleTests.swift in Sources */ = {isa = PBXBuildFile; fileRef = 91E3BC072480694400CF4EFE /* sampleTests.swift */; };
		91E3BC132480694400CF4EFE /* sampleUITests.swift in Sources */ = {isa = PBXBuildFile; fileRef = 91E3BC122480694400CF4EFE /* sampleUITests.swift */; };
/* End PBXBuildFile section */

/* Begin PBXContainerItemProxy section */
		91E3BC042480694400CF4EFE /* PBXContainerItemProxy */ = {
			isa = PBXContainerItemProxy;
			containerPortal = 91E3BBE52480694000CF4EFE /* Project object */;
			proxyType = 1;
			remoteGlobalIDString = 91E3BBEC2480694000CF4EFE;
			remoteInfo = sample;
		};
		91E3BC0F2480694400CF4EFE /* PBXContainerItemProxy */ = {
			isa = PBXContainerItemProxy;
			containerPortal = 91E3BBE52480694000CF4EFE /* Project object */;
			proxyType = 1;
			remoteGlobalIDString = 91E3BBEC2480694000CF4EFE;
			remoteInfo = sample;
		};
/* End PBXContainerItemProxy section */

/* Begin PBXFileReference section */
		91E3BBED2480694000CF4EFE /* sample.app */ = {isa = PBXFileReference; explicitFileType = wrapper.application; includeInIndex = 0; path = sample.app; sourceTree = BUILT_PRODUCTS_DIR; };
		91E3BBF02480694000CF4EFE /* AppDelegate.swift */ = {isa = PBXFileReference; lastKnownFileType = sourcecode.swift; path = AppDelegate.swift; sourceTree = "<group>"; };
		91E3BBF22480694000CF4EFE /* SceneDelegate.swift */ = {isa = PBXFileReference; lastKnownFileType = sourcecode.swift; path = SceneDelegate.swift; sourceTree = "<group>"; };
		91E3BBF42480694000CF4EFE /* ViewController.swift */ = {isa = PBXFileReference; lastKnownFileType = sourcecode.swift; path = ViewController.swift; sourceTree = "<group>"; };
		91E3BBF72480694000CF4EFE /* Base */ = {isa = PBXFileReference; lastKnownFileType = file.storyboard; name = Base; path = Base.lproj/Main.storyboard; sourceTree = "<group>"; };
		91E3BBF92480694300CF4EFE /* Assets.xcassets */ = {isa = PBXFileReference; lastKnownFileType = folder.assetcatalog; path = Assets.xcassets; sourceTree = "<group>"; };
		91E3BBFC2480694300CF4EFE /* Base */ = {isa = PBXFileReference; lastKnownFileType = file.storyboard; name = Base; path = Base.lproj/LaunchScreen.storyboard; sourceTree = "<group>"; };
		91E3BBFE2480694300CF4EFE /* Info.plist */ = {isa = PBXFileReference; lastKnownFileType = text.plist.xml; path = Info.plist; sourceTree = "<group>"; };
		91E3BC032480694400CF4EFE /* sampleTests.xctest */ = {isa = PBXFileReference; explicitFileType = wrapper.cfbundle; includeInIndex = 0; path = sampleTests.xctest; sourceTree = BUILT_PRODUCTS_DIR; };
		91E3BC072480694400CF4EFE /* sampleTests.swift */ = {isa = PBXFileReference; lastKnownFileType = sourcecode.swift; path = sampleTests.swift; sourceTree = "<group>"; };
		91E3BC092480694400CF4EFE /* Info.plist */ = {isa = PBXFileReference; lastKnownFileType = text.plist.xml; path = Info.plist; sourceTree = "<group>"; };
		91E3BC0E2480694400CF4EFE /* sampleUITests.xctest */ = {isa = PBXFileReference; explicitFileType = wrapper.cfbundle; includeInIndex = 0; path = sampleUITests.xctest; sourceTree = BUILT_PRODUCTS_DIR; };
		91E3BC122480694400CF4EFE /* sampleUITests.swift */ = {isa = PBXFileReference; lastKnownFileType = sourcecode.swift; path = sampleUITests.swift; sourceTree = "<group>"; };
		91E3BC142480694400CF4EFE /* Info.plist */ = {isa = PBXFileReference; lastKnownFileType = text.plist.xml; path = Info.plist; sourceTree = "<group>"; };
/* End PBXFileReference section */

/* Begin PBXFrameworksBuildPhase section */
		91E3BBEA2480694000CF4EFE /* Frameworks */ = {
			isa = PBXFrameworksBuildPhase;
			buildActionMask = 2147483647;
			files = (
			);
			runOnlyForDeploymentPostprocessing = 0;
		};
		91E3BC002480694400CF4EFE /* Frameworks */ = {
			isa = PBXFrameworksBuildPhase;
			buildActionMask = 2147483647;
			files = (
			);
			runOnlyForDeploymentPostprocessing = 0;
		};
		91E3BC0B2480694400CF4EFE /* Frameworks */ = {
			isa = PBXFrameworksBuildPhase;
			buildActionMask = 2147483647;
			files = (
			);
			runOnlyForDeploymentPostprocessing = 0;
		};
/* End PBXFrameworksBuildPhase section */

/* Begin PBXGroup section */
		91E3BBE42480694000CF4EFE = {
			isa = PBXGroup;
			children = (
				91E3BBEF2480694000CF4EFE /* sample */,
				91E3BC062480694400CF4EFE /* sampleTests */,
				91E3BC112480694400CF4EFE /* sampleUITests */,
				91E3BBEE2480694000CF4EFE /* Products */,
			);
			sourceTree = "<group>";
		};
		91E3BBEE2480694000CF4EFE /* Products */ = {
			isa = PBXGroup;
			children = (
				91E3BBED2480694000CF4EFE /* sample.app */,
				91E3BC032480694400CF4EFE /* sampleTests.xctest */,
				91E3BC0E2480694400CF4EFE /* sampleUITests.xctest */,
			);
			name = Products;
			sourceTree = "<group>";
		};
		91E3BBEF2480694000CF4EFE /* sample */ = {
			isa = PBXGroup;
			children = (
				91E3BBF02480694000CF4EFE /* AppDelegate.swift */,
				91E3BBF22480694000CF4EFE /* SceneDelegate.swift */,
				91E3BBF42480694000CF4EFE /* ViewController.swift */,
				91E3BBF62480694000CF4EFE /* Main.storyboard */,
				91E3BBF92480694300CF4EFE /* Assets.xcassets */,
				91E3BBFB2480694300CF4EFE /* LaunchScreen.storyboard */,
				91E3BBFE2480694300CF4EFE /* Info.plist */,
			);
			path = sample;
			sourceTree = "<group>";
		};
		91E3BC062480694400CF4EFE /* sampleTests */ = {
			isa = PBXGroup;
			children = (
				91E3BC072480694400CF4EFE /* sampleTests.swift */,
				91E3BC092480694400CF4EFE /* Info.plist */,
			);
			path = sampleTests;
			sourceTree = "<group>";
		};
		91E3BC112480694400CF4EFE /* sampleUITests */ = {
			isa = PBXGroup;
			children = (
				91E3BC122480694400CF4EFE /* sampleUITests.swift */,
				91E3BC142480694400CF4EFE /* Info.plist */,
			);
			path = sampleUITests;
			sourceTree = "<group>";
		};
/* End PBXGroup section */

/* Begin PBXNativeTarget section */
		91E3BBEC2480694000CF4EFE /* sample */ = {
			isa = PBXNativeTarget;
			buildConfigurationList = 91E3BC172480694400CF4EFE /* Build configuration list for PBXNativeTarget "sample" */;
			buildPhases = (
				91E3BBE92480694000CF4EFE /* Sources */,
				91E3BBEA2480694000CF4EFE /* Frameworks */,
				91E3BBEB2480694000CF4EFE /* Resources */,
			);
			buildRules = (
			);
			dependencies = (
			);
			name = sample;
			productName = sample;
			productReference = 91E3BBED2480694000CF4EFE /* sample.app */;
			productType = "com.apple.product-type.application";
		};
		91E3BC022480694400CF4EFE /* sampleTests */ = {
			isa = PBXNativeTarget;
			buildConfigurationList = 91E3BC1A2480694400CF4EFE /* Build configuration list for PBXNativeTarget "sampleTests" */;
			buildPhases = (
				91E3BBFF2480694400CF4EFE /* Sources */,
				91E3BC002480694400CF4EFE /* Frameworks */,
				91E3BC012480694400CF4EFE /* Resources */,
			);
			buildRules = (
			);
			dependencies = (
				91E3BC052480694400CF4EFE /* PBXTargetDependency */,
			);
			name = sampleTests;
			productName = sampleTests;
			productReference = 91E3BC032480694400CF4EFE /* sampleTests.xctest */;
			productType = "com.apple.product-type.bundle.unit-test";
		};
		91E3BC0D2480694400CF4EFE /* sampleUITests */ = {
			isa = PBXNativeTarget;
			buildConfigurationList = 91E3BC1D2480694400CF4EFE /* Build configuration list for PBXNativeTarget "sampleUITests" */;
			buildPhases = (
				91E3BC0A2480694400CF4EFE /* Sources */,
				91E3BC0B2480694400CF4EFE /* Frameworks */,
				91E3BC0C2480694400CF4EFE /* Resources */,
			);
			buildRules = (
			);
			dependencies = (
				91E3BC102480694400CF4EFE /* PBXTargetDependency */,
			);
			name = sampleUITests;
			productName = sampleUITests;
			productReference = 91E3BC0E2480694400CF4EFE /* sampleUITests.xctest */;
			productType = "com.apple.product-type.bundle.ui-testing";
		};
/* End PBXNativeTarget section */

/* Begin PBXProject section */
		91E3BBE52480694000CF4EFE /* Project object */ = {
			isa = PBXProject;
			attributes = {
				LastSwiftUpdateCheck = 1140;
				LastUpgradeCheck = 1140;
				ORGANIZATIONNAME = user174353;
				TargetAttributes = {
					91E3BBEC2480694000CF4EFE = {
						CreatedOnToolsVersion = 11.4;
					};
					91E3BC022480694400CF4EFE = {
						CreatedOnToolsVersion = 11.4;
						TestTargetID = 91E3BBEC2480694000CF4EFE;
					};
					91E3BC0D2480694400CF4EFE = {
						CreatedOnToolsVersion = 11.4;
						TestTargetID = 91E3BBEC2480694000CF4EFE;
					};
				};
			};
			buildConfigurationList = 91E3BBE82480694000CF4EFE /* Build configuration list for PBXProject "sample" */;
			compatibilityVersion = "Xcode 9.3";
			developmentRegion = en;
			hasScannedForEncodings = 0;
			knownRegions = (
				en,
				Base,
			);
			mainGroup = 91E3BBE42480694000CF4EFE;
			productRefGroup = 91E3BBEE2480694000CF4EFE /* Products */;
			projectDirPath = "";
			projectRoot = "";
			targets = (
				91E3BBEC2480694000CF4EFE /* sample */,
				91E3BC022480694400CF4EFE /* sampleTests */,
				91E3BC0D2480694400CF4EFE /* sampleUITests */,
			);
		};
/* End PBXProject section */

/* Begin PBXResourcesBuildPhase section */
		91E3BBEB2480694000CF4EFE /* Resources */ = {
			isa = PBXResourcesBuildPhase;
			buildActionMask = 2147483647;
			files = (
				91E3BBFD2480694300CF4EFE /* LaunchScreen.storyboard in Resources */,
				91E3BBFA2480694300CF4EFE /* Assets.xcassets in Resources */,
				91E3BBF82480694000CF4EFE /* Main.storyboard in Resources */,
			);
			runOnlyForDeploymentPostprocessing = 0;
		};
		91E3BC012480694400CF4EFE /* Resources */ = {
			isa = PBXResourcesBuildPhase;
			buildActionMask = 2147483647;
			files = (
			);
			runOnlyForDeploymentPostprocessing = 0;
		};
		91E3BC0C2480694400CF4EFE /* Resources */ = {
			isa = PBXResourcesBuildPhase;
			buildActionMask = 2147483647;
			files = (
			);
			runOnlyForDeploymentPostprocessing = 0;
		};
/* End PBXResourcesBuildPhase section */

/* Begin PBXSourcesBuildPhase section */
		91E3BBE92480694000CF4EFE /* Sources */ = {
			isa = PBXSourcesBuildPhase;
			buildActionMask = 2147483647;
			files = (
				91E3BBF52480694000CF4EFE /* ViewController.swift in Sources */,
				91E3BBF12480694000CF4EFE /* AppDelegate.swift in Sources */,
				91E3BBF32480694000CF4EFE /* SceneDelegate.swift in Sources */,
			);
			runOnlyForDeploymentPostprocessing = 0;
		};
		91E3BBFF2480694400CF4EFE /* Sources */ = {
			isa = PBXSourcesBuildPhase;
			buildActionMask = 2147483647;
			files = (
				91E3BC082480694400CF4EFE /* sampleTests.swift in Sources */,
			);
			runOnlyForDeploymentPostprocessing = 0;
		};
		91E3BC0A2480694400CF4EFE /* Sources */ = {
			isa = PBXSourcesBuildPhase;
			buildActionMask = 2147483647;
			files = (
				91E3BC132480694400CF4EFE /* sampleUITests.swift in Sources */,
			);
			runOnlyForDeploymentPostprocessing = 0;
		};
/* End PBXSourcesBuildPhase section */

/* Begin PBXTargetDependency section */
		91E3BC052480694400CF4EFE /* PBXTargetDependency */ = {
			isa = PBXTargetDependency;
			target = 91E3BBEC2480694000CF4EFE /* sample */;
			targetProxy = 91E3BC042480694400CF4EFE /* PBXContainerItemProxy */;
		};
		91E3BC102480694400CF4EFE /* PBXTargetDependency */ = {
			isa = PBXTargetDependency;
			target = 91E3BBEC2480694000CF4EFE /* sample */;
			targetProxy = 91E3BC0F2480694400CF4EFE /* PBXContainerItemProxy */;
		};
/* End PBXTargetDependency section */

/* Begin PBXVariantGroup section */
		91E3BBF62480694000CF4EFE /* Main.storyboard */ = {
			isa = PBXVariantGroup;
			children = (
				91E3BBF72480694000CF4EFE /* Base */,
			);
			name = Main.storyboard;
			sourceTree = "<group>";
		};
		91E3BBFB2480694300CF4EFE /* LaunchScreen.storyboard */ = {
			isa = PBXVariantGroup;
			children = (
				91E3BBFC2480694300CF4EFE /* Base */,
			);
			name = LaunchScreen.storyboard;
			sourceTree = "<group>";
		};
/* End PBXVariantGroup section */

/* Begin XCBuildConfiguration section */
		91E3BC152480694400CF4EFE /* Debug */ = {
			isa = XCBuildConfiguration;
			buildSettings = {
				ALWAYS_SEARCH_USER_PATHS = NO;
				CLANG_ANALYZER_NONNULL = YES;
				CLANG_ANALYZER_NUMBER_OBJECT_CONVERSION = YES_AGGRESSIVE;
				CLANG_CXX_LANGUAGE_STANDARD = "gnu++14";
				CLANG_CXX_LIBRARY = "libc++";
				CLANG_ENABLE_MODULES = YES;
				CLANG_ENABLE_OBJC_ARC = YES;
				CLANG_ENABLE_OBJC_WEAK = YES;
				CLANG_WARN_BLOCK_CAPTURE_AUTORELEASING = YES;
				CLANG_WARN_BOOL_CONVERSION = YES;
				CLANG_WARN_COMMA = YES;
				CLANG_WARN_CONSTANT_CONVERSION = YES;
				CLANG_WARN_DEPRECATED_OBJC_IMPLEMENTATIONS = YES;
				CLANG_WARN_DIRECT_OBJC_ISA_USAGE = YES_ERROR;
				CLANG_WARN_DOCUMENTATION_COMMENTS = YES;
				CLANG_WARN_EMPTY_BODY = YES;
				CLANG_WARN_ENUM_CONVERSION = YES;
				CLANG_WARN_INFINITE_RECURSION = YES;
				CLANG_WARN_INT_CONVERSION = YES;
				CLANG_WARN_NON_LITERAL_NULL_CONVERSION = YES;
				CLANG_WARN_OBJC_IMPLICIT_RETAIN_SELF = YES;
				CLANG_WARN_OBJC_LITERAL_CONVERSION = YES;
				CLANG_WARN_OBJC_ROOT_CLASS = YES_ERROR;
				CLANG_WARN_RANGE_LOOP_ANALYSIS = YES;
				CLANG_WARN_STRICT_PROTOTYPES = YES;
				CLANG_WARN_SUSPICIOUS_MOVE = YES;
				CLANG_WARN_UNGUARDED_AVAILABILITY = YES_AGGRESSIVE;
				CLANG_WARN_UNREACHABLE_CODE = YES;
				CLANG_WARN__DUPLICATE_METHOD_MATCH = YES;
				COPY_PHASE_STRIP = NO;
				DEBUG_INFORMATION_FORMAT = dwarf;
				ENABLE_STRICT_OBJC_MSGSEND = YES;
				ENABLE_TESTABILITY = YES;
				GCC_C_LANGUAGE_STANDARD = gnu11;
				GCC_DYNAMIC_NO_PIC = NO;
				GCC_NO_COMMON_BLOCKS = YES;
				GCC_OPTIMIZATION_LEVEL = 0;
				GCC_PREPROCESSOR_DEFINITIONS = (
					"DEBUG=1",
					"$(inherited)",
				);
				GCC_WARN_64_TO_32_BIT_CONVERSION = YES;
				GCC_WARN_ABOUT_RETURN_TYPE = YES_ERROR;
				GCC_WARN_UNDECLARED_SELECTOR = YES;
				GCC_WARN_UNINITIALIZED_AUTOS = YES_AGGRESSIVE;
				GCC_WARN_UNUSED_FUNCTION = YES;
				GCC_WARN_UNUSED_VARIABLE = YES;
				IPHONEOS_DEPLOYMENT_TARGET = 13.4;
				MTL_ENABLE_DEBUG_INFO = INCLUDE_SOURCE;
				MTL_FAST_MATH = YES;
				ONLY_ACTIVE_ARCH = YES;
				SDKROOT = iphoneos;
				SWIFT_ACTIVE_COMPILATION_CONDITIONS = DEBUG;
				SWIFT_OPTIMIZATION_LEVEL = "-Onone";
			};
			name = Debug;
		};
		91E3BC162480694400CF4EFE /* Release */ = {
			isa = XCBuildConfiguration;
			buildSettings = {
				ALWAYS_SEARCH_USER_PATHS = NO;
				CLANG_ANALYZER_NONNULL = YES;
				CLANG_ANALYZER_NUMBER_OBJECT_CONVERSION = YES_AGGRESSIVE;
				CLANG_CXX_LANGUAGE_STANDARD = "gnu++14";
				CLANG_CXX_LIBRARY = "libc++";
				CLANG_ENABLE_MODULES = YES;
				CLANG_ENABLE_OBJC_ARC = YES;
				CLANG_ENABLE_OBJC_WEAK = YES;
				CLANG_WARN_BLOCK_CAPTURE_AUTORELEASING = YES;
				CLANG_WARN_BOOL_CONVERSION = YES;
				CLANG_WARN_COMMA = YES;
				CLANG_WARN_CONSTANT_CONVERSION = YES;
				CLANG_WARN_DEPRECATED_OBJC_IMPLEMENTATIONS = YES;
				CLANG_WARN_DIRECT_OBJC_ISA_USAGE = YES_ERROR;
				CLANG_WARN_DOCUMENTATION_COMMENTS = YES;
				CLANG_WARN_EMPTY_BODY = YES;
				CLANG_WARN_ENUM_CONVERSION = YES;
				CLANG_WARN_INFINITE_RECURSION = YES;
				CLANG_WARN_INT_CONVERSION = YES;
				CLANG_WARN_NON_LITERAL_NULL_CONVERSION = YES;
				CLANG_WARN_OBJC_IMPLICIT_RETAIN_SELF = YES;
				CLANG_WARN_OBJC_LITERAL_CONVERSION = YES;
				CLANG_WARN_OBJC_ROOT_CLASS = YES_ERROR;
				CLANG_WARN_RANGE_LOOP_ANALYSIS = YES;
				CLANG_WARN_STRICT_PROTOTYPES = YES;
				CLANG_WARN_SUSPICIOUS_MOVE = YES;
				CLANG_WARN_UNGUARDED_AVAILABILITY = YES_AGGRESSIVE;
				CLANG_WARN_UNREACHABLE_CODE = YES;
				CLANG_WARN__DUPLICATE_METHOD_MATCH = YES;
				COPY_PHASE_STRIP = NO;
				DEBUG_INFORMATION_FORMAT = "dwarf-with-dsym";
				ENABLE_NS_ASSERTIONS = NO;
				ENABLE_STRICT_OBJC_MSGSEND = YES;
				GCC_C_LANGUAGE_STANDARD = gnu11;
				GCC_NO_COMMON_BLOCKS = YES;
				GCC_WARN_64_TO_32_BIT_CONVERSION = YES;
				GCC_WARN_ABOUT_RETURN_TYPE = YES_ERROR;
				GCC_WARN_UNDECLARED_SELECTOR = YES;
				GCC_WARN_UNINITIALIZED_AUTOS = YES_AGGRESSIVE;
				GCC_WARN_UNUSED_FUNCTION = YES;
				GCC_WARN_UNUSED_VARIABLE = YES;
				IPHONEOS_DEPLOYMENT_TARGET = 13.4;
				MTL_ENABLE_DEBUG_INFO = NO;
				MTL_FAST_MATH = YES;
				SDKROOT = iphoneos;
				SWIFT_COMPILATION_MODE = wholemodule;
				SWIFT_OPTIMIZATION_LEVEL = "-O";
				VALIDATE_PRODUCT = YES;
			};
			name = Release;
		};
		91E3BC182480694400CF4EFE /* Debug */ = {
			isa = XCBuildConfiguration;
			buildSettings = {
				ASSETCATALOG_COMPILER_APPICON_NAME = AppIcon;
				CODE_SIGN_STYLE = Automatic;
				INFOPLIST_FILE = sample/Info.plist;
				LD_RUNPATH_SEARCH_PATHS = (
					"$(inherited)",
					"@executable_path/Frameworks",
				);
				PRODUCT_BUNDLE_IDENTIFIER = Conestoga.sample;
				PRODUCT_NAME = "$(TARGET_NAME)";
				SWIFT_VERSION = 5.0;
				TARGETED_DEVICE_FAMILY = "1,2";
			};
			name = Debug;
		};
		91E3BC192480694400CF4EFE /* Release */ = {
			isa = XCBuildConfiguration;
			buildSettings = {
				ASSETCATALOG_COMPILER_APPICON_NAME = AppIcon;
				CODE_SIGN_STYLE = Automatic;
				INFOPLIST_FILE = sample/Info.plist;
				LD_RUNPATH_SEARCH_PATHS = (
					"$(inherited)",
					"@executable_path/Frameworks",
				);
				PRODUCT_BUNDLE_IDENTIFIER = Conestoga.sample;
				PRODUCT_NAME = "$(TARGET_NAME)";
				SWIFT_VERSION = 5.0;
				TARGETED_DEVICE_FAMILY = "1,2";
			};
			name = Release;
		};
		91E3BC1B2480694400CF4EFE /* Debug */ = {
			isa = XCBuildConfiguration;
			buildSettings = {
				ALWAYS_EMBED_SWIFT_STANDARD_LIBRARIES = YES;
				BUNDLE_LOADER = "$(TEST_HOST)";
				CODE_SIGN_STYLE = Automatic;
				INFOPLIST_FILE = sampleTests/Info.plist;
				IPHONEOS_DEPLOYMENT_TARGET = 13.4;
				LD_RUNPATH_SEARCH_PATHS = (
					"$(inherited)",
					"@executable_path/Frameworks",
					"@loader_path/Frameworks",
				);
				PRODUCT_BUNDLE_IDENTIFIER = Conestoga.sampleTests;
				PRODUCT_NAME = "$(TARGET_NAME)";
				SWIFT_VERSION = 5.0;
				TARGETED_DEVICE_FAMILY = "1,2";
				TEST_HOST = "$(BUILT_PRODUCTS_DIR)/sample.app/sample";
			};
			name = Debug;
		};
		91E3BC1C2480694400CF4EFE /* Release */ = {
			isa = XCBuildConfiguration;
			buildSettings = {
				ALWAYS_EMBED_SWIFT_STANDARD_LIBRARIES = YES;
				BUNDLE_LOADER = "$(TEST_HOST)";
				CODE_SIGN_STYLE = Automatic;
				INFOPLIST_FILE = sampleTests/Info.plist;
				IPHONEOS_DEPLOYMENT_TARGET = 13.4;
				LD_RUNPATH_SEARCH_PATHS = (
					"$(inherited)",
					"@executable_path/Frameworks",
					"@loader_path/Frameworks",
				);
				PRODUCT_BUNDLE_IDENTIFIER = Conestoga.sampleTests;
				PRODUCT_NAME = "$(TARGET_NAME)";
				SWIFT_VERSION = 5.0;
				TARGETED_DEVICE_FAMILY = "1,2";
				TEST_HOST = "$(BUILT_PRODUCTS_DIR)/sample.app/sample";
			};
			name = Release;
		};
		91E3BC1E2480694400CF4EFE /* Debug */ = {
			isa = XCBuildConfiguration;
			buildSettings = {
				ALWAYS_EMBED_SWIFT_STANDARD_LIBRARIES = YES;
				CODE_SIGN_STYLE = Automatic;
				INFOPLIST_FILE = sampleUITests/Info.plist;
				LD_RUNPATH_SEARCH_PATHS = (
					"$(inherited)",
					"@executable_path/Frameworks",
					"@loader_path/Frameworks",
				);
				PRODUCT_BUNDLE_IDENTIFIER = Conestoga.sampleUITests;
				PRODUCT_NAME = "$(TARGET_NAME)";
				SWIFT_VERSION = 5.0;
				TARGETED_DEVICE_FAMILY = "1,2";
				TEST_TARGET_NAME = sample;
			};
			name = Debug;
		};
		91E3BC1F2480694400CF4EFE /* Release */ = {
			isa = XCBuildConfiguration;
			buildSettings = {
				ALWAYS_EMBED_SWIFT_STANDARD_LIBRARIES = YES;
				CODE_SIGN_STYLE = Automatic;
				INFOPLIST_FILE = sampleUITests/Info.plist;
				LD_RUNPATH_SEARCH_PATHS = (
					"$(inherited)",
					"@executable_path/Frameworks",
					"@loader_path/Frameworks",
				);
				PRODUCT_BUNDLE_IDENTIFIER = Conestoga.sampleUITests;
				PRODUCT_NAME = "$(TARGET_NAME)";
				SWIFT_VERSION = 5.0;
				TARGETED_DEVICE_FAMILY = "1,2";
				TEST_TARGET_NAME = sample;
			};
			name = Release;
		};
/* End XCBuildConfiguration section */

/* Begin XCConfigurationList section */
		91E3BBE82480694000CF4EFE /* Build configuration list for PBXProject "sample" */ = {
			isa = XCConfigurationList;
			buildConfigurations = (
				91E3BC152480694400CF4EFE /* Debug */,
				91E3BC162480694400CF4EFE /* Release */,
			);
			defaultConfigurationIsVisible = 0;
			defaultConfigurationName = Release;
		};
		91E3BC172480694400CF4EFE /* Build configuration list for PBXNativeTarget "sample" */ = {
			isa = XCConfigurationList;
			buildConfigurations = (
				91E3BC182480694400CF4EFE /* Debug */,
				91E3BC192480694400CF4EFE /* Release */,
			);
			defaultConfigurationIsVisible = 0;
			defaultConfigurationName = Release;
		};
		91E3BC1A2480694400CF4EFE /* Build configuration list for PBXNativeTarget "sampleTests" */ = {
			isa = XCConfigurationList;
			buildConfigurations = (
				91E3BC1B2480694400CF4EFE /* Debug */,
				91E3BC1C2480694400CF4EFE /* Release */,
			);
			defaultConfigurationIsVisible = 0;
			defaultConfigurationName = Release;
		};
		91E3BC1D2480694400CF4EFE /* Build configuration list for PBXNativeTarget "sampleUITests" */ = {
			isa = XCConfigurationList;
			buildConfigurations = (
				91E3BC1E2480694400CF4EFE /* Debug */,
				91E3BC1F2480694400CF4EFE /* Release */,
			);
			defaultConfigurationIsVisible = 0;
			defaultConfigurationName = Release;
		};
/* End XCConfigurationList section */
	};
	rootObject = 91E3BBE52480694000CF4EFE /* Project object */;
}
